
Microsoft Visual Studio Solution File, Format Version 12.00
# Visual Studio 14
VisualStudioVersion = 14.0.25420.1
MinimumVisualStudioVersion = 10.0.40219.1
Project("{FAE04EC0-301F-11D3-BF4B-00C04F79EFBC}") = "System", "System\System.csproj", "{4CE282BC-6919-4121-A0BC-0B01D70AE3FF}"
EndProject
Project("{FAE04EC0-301F-11D3-BF4B-00C04F79EFBC}") = "Domain", "Domain\Domain.csproj", "{7CDAD28A-1381-4081-A401-92C06FE96361}"
EndProject
Project("{FAE04EC0-301F-11D3-BF4B-00C04F79EFBC}") = "Session", "Session\Session.csproj", "{6ED8DE20-54ED-4D02-9C22-2E2EE1A564C5}"
EndProject
Global
	GlobalSection(SolutionConfigurationPlatforms) = preSolution
		Debug|Any CPU = Debug|Any CPU
		Release|Any CPU = Release|Any CPU
	EndGlobalSection
	GlobalSection(ProjectConfigurationPlatforms) = postSolution
		{4CE282BC-6919-4121-A0BC-0B01D70AE3FF}.Debug|Any CPU.ActiveCfg = Debug|Any CPU
		{4CE282BC-6919-4121-A0BC-0B01D70AE3FF}.Debug|Any CPU.Build.0 = Debug|Any CPU
		{4CE282BC-6919-4121-A0BC-0B01D70AE3FF}.Release|Any CPU.ActiveCfg = Release|Any CPU
		{4CE282BC-6919-4121-A0BC-0B01D70AE3FF}.Release|Any CPU.Build.0 = Release|Any CPU
		{7CDAD28A-1381-4081-A401-92C06FE96361}.Debug|Any CPU.ActiveCfg = Debug|Any CPU
		{7CDAD28A-1381-4081-A401-92C06FE96361}.Debug|Any CPU.Build.0 = Debug|Any CPU
		{7CDAD28A-1381-4081-A401-92C06FE96361}.Release|Any CPU.ActiveCfg = Release|Any CPU
		{7CDAD28A-1381-4081-A401-92C06FE96361}.Release|Any CPU.Build.0 = Release|Any CPU
		{6ED8DE20-54ED-4D02-9C22-2E2EE1A564C5}.Debug|Any CPU.ActiveCfg = Debug|Any CPU
		{6ED8DE20-54ED-4D02-9C22-2E2EE1A564C5}.Debug|Any CPU.Build.0 = Debug|Any CPU
		{6ED8DE20-54ED-4D02-9C22-2E2EE1A564C5}.Release|Any CPU.ActiveCfg = Release|Any CPU
		{6ED8DE20-54ED-4D02-9C22-2E2EE1A564C5}.Release|Any CPU.Build.0 = Release|Any CPU
	EndGlobalSection
	GlobalSection(SolutionProperties) = preSolution
		HideSolutionNode = FALSE
	EndGlobalSection
EndGlobal
