
Microsoft Visual Studio Solution File, Format Version 12.00
# Visual Studio 14
VisualStudioVersion = 14.0.25420.1
MinimumVisualStudioVersion = 10.0.40219.1
Project("{FAE04EC0-301F-11D3-BF4B-00C04F79EFBC}") = "System", "System\System.csproj", "{EAF0B477-14DB-4188-8EB3-4E2902317DC5}"
EndProject
Project("{FAE04EC0-301F-11D3-BF4B-00C04F79EFBC}") = "Domain", "Domain\Domain.csproj", "{AE753C5E-7F18-42C4-BD39-A4E7FF9F4F40}"
EndProject
Project("{FAE04EC0-301F-11D3-BF4B-00C04F79EFBC}") = "Session", "Session\Session.csproj", "{67D475FA-EC90-4777-B7DC-82FE131F99DA}"
EndProject
Global
	GlobalSection(SolutionConfigurationPlatforms) = preSolution
		Debug|Any CPU = Debug|Any CPU
		Release|Any CPU = Release|Any CPU
	EndGlobalSection
	GlobalSection(ProjectConfigurationPlatforms) = postSolution
		{EAF0B477-14DB-4188-8EB3-4E2902317DC5}.Debug|Any CPU.ActiveCfg = Debug|Any CPU
		{EAF0B477-14DB-4188-8EB3-4E2902317DC5}.Debug|Any CPU.Build.0 = Debug|Any CPU
		{EAF0B477-14DB-4188-8EB3-4E2902317DC5}.Release|Any CPU.ActiveCfg = Release|Any CPU
		{EAF0B477-14DB-4188-8EB3-4E2902317DC5}.Release|Any CPU.Build.0 = Release|Any CPU
		{AE753C5E-7F18-42C4-BD39-A4E7FF9F4F40}.Debug|Any CPU.ActiveCfg = Debug|Any CPU
		{AE753C5E-7F18-42C4-BD39-A4E7FF9F4F40}.Debug|Any CPU.Build.0 = Debug|Any CPU
		{AE753C5E-7F18-42C4-BD39-A4E7FF9F4F40}.Release|Any CPU.ActiveCfg = Release|Any CPU
		{AE753C5E-7F18-42C4-BD39-A4E7FF9F4F40}.Release|Any CPU.Build.0 = Release|Any CPU
		{67D475FA-EC90-4777-B7DC-82FE131F99DA}.Debug|Any CPU.ActiveCfg = Debug|Any CPU
		{67D475FA-EC90-4777-B7DC-82FE131F99DA}.Debug|Any CPU.Build.0 = Debug|Any CPU
		{67D475FA-EC90-4777-B7DC-82FE131F99DA}.Release|Any CPU.ActiveCfg = Release|Any CPU
		{67D475FA-EC90-4777-B7DC-82FE131F99DA}.Release|Any CPU.Build.0 = Release|Any CPU
	EndGlobalSection
	GlobalSection(SolutionProperties) = preSolution
		HideSolutionNode = FALSE
	EndGlobalSection
EndGlobal
